
Microsoft Visual Studio Solution File, Format Version 12.00
# Visual Studio Version 16
VisualStudioVersion = 16.0.31025.194
MinimumVisualStudioVersion = 10.0.40219.1
Project("{FAE04EC0-301F-11D3-BF4B-00C04F79EFBC}") = "LessonUserInfo", "LessonUserInfo.csproj", "{D2049FBE-59DF-499E-B4BC-DC65B5E3BE52}"
EndProject
Global
	GlobalSection(SolutionConfigurationPlatforms) = preSolution
		Debug|Any CPU = Debug|Any CPU
		Release|Any CPU = Release|Any CPU
	EndGlobalSection
	GlobalSection(ProjectConfigurationPlatforms) = postSolution
		{D2049FBE-59DF-499E-B4BC-DC65B5E3BE52}.Debug|Any CPU.ActiveCfg = Debug|Any CPU
		{D2049FBE-59DF-499E-B4BC-DC65B5E3BE52}.Debug|Any CPU.Build.0 = Debug|Any CPU
		{D2049FBE-59DF-499E-B4BC-DC65B5E3BE52}.Release|Any CPU.ActiveCfg = Release|Any CPU
		{D2049FBE-59DF-499E-B4BC-DC65B5E3BE52}.Release|Any CPU.Build.0 = Release|Any CPU
	EndGlobalSection
	GlobalSection(SolutionProperties) = preSolution
		HideSolutionNode = FALSE
	EndGlobalSection
	GlobalSection(ExtensibilityGlobals) = postSolution
		SolutionGuid = {84205103-13B8-4B15-BFA2-8079FD70D732}
	EndGlobalSection
EndGlobal
